
Microsoft Visual Studio Solution File, Format Version 12.00
# Visual Studio Version 17
VisualStudioVersion = 17.5.33627.172
MinimumVisualStudioVersion = 10.0.40219.1
Project("{2150E333-8FDC-42A3-9474-1A3956D46DE8}") = "Solution Items", "Solution Items", "{C1E41BDA-C7B1-4D89-A81B-2506B47B665F}"
	ProjectSection(SolutionItems) = preProject
		.gitignore = .gitignore
		Dockerfile = Dockerfile
		nuget.config = nuget.config
	EndProjectSection
EndProject
Project("{9A19103F-16F7-4668-BE54-9A1E7A4F7556}") = "Four18.Common", "Four18.Common\Four18.Common.csproj", "{C4D375AE-688E-4EE1-BD78-133F89511FFE}"
EndProject
Project("{9A19103F-16F7-4668-BE54-9A1E7A4F7556}") = "Four18.Common.EntityFramework", "Four18.Common.EntityFramework\Four18.Common.EntityFramework.csproj", "{3342166F-39E8-4A66-8418-94FDFB1B9D1F}"
EndProject
Project("{9A19103F-16F7-4668-BE54-9A1E7A4F7556}") = "Four18.Common.Web", "Four18.Common.Web\Four18.Common.Web.csproj", "{F0B6F9FF-3650-440E-BED7-79936800572E}"
EndProject
Project("{9A19103F-16F7-4668-BE54-9A1E7A4F7556}") = "Four18.Challenge.Data", "Four18.Challenge.Data\Four18.Challenge.Data.csproj", "{EAEA3C0D-2B4E-4406-8546-6A7AFCAD7DE2}"
EndProject
Project("{9A19103F-16F7-4668-BE54-9A1E7A4F7556}") = "Four18.Challenge.Business", "Four18.Challenge.Business\Four18.Challenge.Business.csproj", "{87EE0D5C-6D26-4192-B1EF-E51A6F1CEA51}"
EndProject
Project("{9A19103F-16F7-4668-BE54-9A1E7A4F7556}") = "Four18.Challenge.WebApi", "Four18.Challenge.WebApi\Four18.Challenge.WebApi.csproj", "{4202F4FD-086E-4BCD-90D0-0E987C72C097}"
EndProject
Global
	GlobalSection(SolutionConfigurationPlatforms) = preSolution
		Debug|Any CPU = Debug|Any CPU
		Release|Any CPU = Release|Any CPU
	EndGlobalSection
	GlobalSection(ProjectConfigurationPlatforms) = postSolution
		{C4D375AE-688E-4EE1-BD78-133F89511FFE}.Debug|Any CPU.ActiveCfg = Debug|Any CPU
		{C4D375AE-688E-4EE1-BD78-133F89511FFE}.Debug|Any CPU.Build.0 = Debug|Any CPU
		{C4D375AE-688E-4EE1-BD78-133F89511FFE}.Release|Any CPU.ActiveCfg = Release|Any CPU
		{C4D375AE-688E-4EE1-BD78-133F89511FFE}.Release|Any CPU.Build.0 = Release|Any CPU
		{3342166F-39E8-4A66-8418-94FDFB1B9D1F}.Debug|Any CPU.ActiveCfg = Debug|Any CPU
		{3342166F-39E8-4A66-8418-94FDFB1B9D1F}.Debug|Any CPU.Build.0 = Debug|Any CPU
		{3342166F-39E8-4A66-8418-94FDFB1B9D1F}.Release|Any CPU.ActiveCfg = Release|Any CPU
		{3342166F-39E8-4A66-8418-94FDFB1B9D1F}.Release|Any CPU.Build.0 = Release|Any CPU
		{F0B6F9FF-3650-440E-BED7-79936800572E}.Debug|Any CPU.ActiveCfg = Debug|Any CPU
		{F0B6F9FF-3650-440E-BED7-79936800572E}.Debug|Any CPU.Build.0 = Debug|Any CPU
		{F0B6F9FF-3650-440E-BED7-79936800572E}.Release|Any CPU.ActiveCfg = Release|Any CPU
		{F0B6F9FF-3650-440E-BED7-79936800572E}.Release|Any CPU.Build.0 = Release|Any CPU
		{EAEA3C0D-2B4E-4406-8546-6A7AFCAD7DE2}.Debug|Any CPU.ActiveCfg = Debug|Any CPU
		{EAEA3C0D-2B4E-4406-8546-6A7AFCAD7DE2}.Debug|Any CPU.Build.0 = Debug|Any CPU
		{EAEA3C0D-2B4E-4406-8546-6A7AFCAD7DE2}.Release|Any CPU.ActiveCfg = Release|Any CPU
		{EAEA3C0D-2B4E-4406-8546-6A7AFCAD7DE2}.Release|Any CPU.Build.0 = Release|Any CPU
		{87EE0D5C-6D26-4192-B1EF-E51A6F1CEA51}.Debug|Any CPU.ActiveCfg = Debug|Any CPU
		{87EE0D5C-6D26-4192-B1EF-E51A6F1CEA51}.Debug|Any CPU.Build.0 = Debug|Any CPU
		{87EE0D5C-6D26-4192-B1EF-E51A6F1CEA51}.Release|Any CPU.ActiveCfg = Release|Any CPU
		{87EE0D5C-6D26-4192-B1EF-E51A6F1CEA51}.Release|Any CPU.Build.0 = Release|Any CPU
		{4202F4FD-086E-4BCD-90D0-0E987C72C097}.Debug|Any CPU.ActiveCfg = Debug|Any CPU
		{4202F4FD-086E-4BCD-90D0-0E987C72C097}.Debug|Any CPU.Build.0 = Debug|Any CPU
		{4202F4FD-086E-4BCD-90D0-0E987C72C097}.Release|Any CPU.ActiveCfg = Release|Any CPU
		{4202F4FD-086E-4BCD-90D0-0E987C72C097}.Release|Any CPU.Build.0 = Release|Any CPU
	EndGlobalSection
	GlobalSection(SolutionProperties) = preSolution
		HideSolutionNode = FALSE
	EndGlobalSection
	GlobalSection(ExtensibilityGlobals) = postSolution
		SolutionGuid = {FBC315AF-CBEB-4424-B5B2-0417D07CA911}
	EndGlobalSection
EndGlobal
